<?xml version="1.0" encoding="utf-8"?>
<Project ToolsVersion="4.0" xmlns="http://schemas.microsoft.com/developer/msbuild/2003">
  <ItemGroup>
    <Filter Include="소스 파일">
      <UniqueIdentifier>{4FC737F1-C7A5-4376-A066-2A32D752A2FF}</UniqueIdentifier>
      <Extensions>cpp;c;cc;cxx;def;odl;idl;hpj;bat;asm;asmx</Extensions>
    </Filter>
    <Filter Include="헤더 파일">
      <UniqueIdentifier>{93995380-89BD-4b04-88EB-625FBE52EBFB}</UniqueIdentifier>
      <Extensions>h;hh;hpp;hxx;hm;inl;inc;ipp;xsd</Extensions>
    </Filter>
    <Filter Include="리소스 파일">
      <UniqueIdentifier>{67DA6AB6-F800-4c08-8B7A-83BB121AAD01}</UniqueIdentifier>
      <Extensions>rc;ico;cur;bmp;dlg;rc2;rct;bin;rgs;gif;jpg;jpeg;jpe;resx;tiff;tif;png;wav;mfcribbon-ms</Extensions>
    </Filter>
    <Filter Include="2DGameFramework">
      <UniqueIdentifier>{6016394f-0842-4f95-ae7c-b33dfbe15f96}</UniqueIdentifier>
    </Filter>
    <Filter Include="2DGameFramework\action">
      <UniqueIdentifier>{8649bfbd-0cc7-4014-89b1-6a6531e97662}</UniqueIdentifier>
    </Filter>
    <Filter Include="2DGameFramework\animation">
      <UniqueIdentifier>{cbeab99f-5a07-40a0-b04c-02c25e34a3b1}</UniqueIdentifier>
    </Filter>
    <Filter Include="2DGameFramework\backBuffer">
      <UniqueIdentifier>{876c762d-42a1-4c7c-a550-2c12ea43c794}</UniqueIdentifier>
    </Filter>
    <Filter Include="2DGameFramework\button">
      <UniqueIdentifier>{f230f63a-13f5-4987-8e07-1d4c1d6bacf7}</UniqueIdentifier>
    </Filter>
    <Filter Include="2DGameFramework\effect">
      <UniqueIdentifier>{b4cf05b8-9ad9-4e48-a335-3079c9cd3c05}</UniqueIdentifier>
    </Filter>
    <Filter Include="2DGameFramework\image">
      <UniqueIdentifier>{afa8475a-062e-44ba-907b-cc220d410795}</UniqueIdentifier>
    </Filter>
    <Filter Include="2DGameFramework\loading">
      <UniqueIdentifier>{f828a786-522b-4977-90d7-89e2d21e1500}</UniqueIdentifier>
    </Filter>
    <Filter Include="2DGameFramework\Manager">
      <UniqueIdentifier>{c786abfb-a50a-4f22-abee-e0481e7bad33}</UniqueIdentifier>
    </Filter>
    <Filter Include="2DGameFramework\progressBar">
      <UniqueIdentifier>{e549dd3e-9fdd-42d4-9443-fa6fbc9eb9bc}</UniqueIdentifier>
    </Filter>
    <Filter Include="2DGameFramework\singletonBase">
      <UniqueIdentifier>{182e1e6e-c00f-4065-a580-3ec0e2e0a2ba}</UniqueIdentifier>
    </Filter>
    <Filter Include="2DGameFramework\timer">
      <UniqueIdentifier>{24df1f8f-70f6-4743-bce1-971b0d80b24d}</UniqueIdentifier>
    </Filter>
    <Filter Include="2DGameFramework\utils">
      <UniqueIdentifier>{e16cf381-89c7-42ff-bc6b-f460ce1823b4}</UniqueIdentifier>
    </Filter>
    <Filter Include="mainGame">
      <UniqueIdentifier>{cecf68be-976e-4622-b9c2-cb748d1b8a7f}</UniqueIdentifier>
    </Filter>
    <Filter Include="mainGame\startScene">
      <UniqueIdentifier>{9655f150-ad48-460e-b5f1-1b070a62dd37}</UniqueIdentifier>
    </Filter>
    <Filter Include="mainGame\gameScene">
      <UniqueIdentifier>{8bea3cd2-ca8d-42f8-8982-26cc54fb5002}</UniqueIdentifier>
    </Filter>
    <Filter Include="mainGame\setting">
      <UniqueIdentifier>{a8bdff2f-683d-4810-9d17-e62fdf1063cf}</UniqueIdentifier>
    </Filter>
    <Filter Include="mainGame\gameScene\character">
      <UniqueIdentifier>{8b47b376-dbc1-444c-a46a-0762332c24ba}</UniqueIdentifier>
    </Filter>
    <Filter Include="mainGame\gameScene\player">
      <UniqueIdentifier>{6d5cda1a-6e98-43fe-bdb0-43ceb28463bc}</UniqueIdentifier>
    </Filter>
    <Filter Include="mainGame\gameScene\bullets">
      <UniqueIdentifier>{1bfcec3e-b37b-4549-95a6-0112b5b83def}</UniqueIdentifier>
    </Filter>
    <Filter Include="mainGame\gameScene\dungeon">
      <UniqueIdentifier>{3927dd94-fdd6-40d7-96fe-529f8fa3696c}</UniqueIdentifier>
    </Filter>
  </ItemGroup>
  <ItemGroup>
    <ClInclude Include="stdafx.h">
      <Filter>헤더 파일</Filter>
    </ClInclude>
    <ClInclude Include="targetver.h">
      <Filter>헤더 파일</Filter>
    </ClInclude>
    <ClInclude Include="Resource.h">
      <Filter>헤더 파일</Filter>
    </ClInclude>
    <ClInclude Include="Dungreed.h">
      <Filter>헤더 파일</Filter>
    </ClInclude>
    <ClInclude Include="action.h">
      <Filter>2DGameFramework\action</Filter>
    </ClInclude>
    <ClInclude Include="animation.h">
      <Filter>2DGameFramework\animation</Filter>
    </ClInclude>
    <ClInclude Include="backBuffer.h">
      <Filter>2DGameFramework\backBuffer</Filter>
    </ClInclude>
    <ClInclude Include="button.h">
      <Filter>2DGameFramework\button</Filter>
    </ClInclude>
    <ClInclude Include="effect.h">
      <Filter>2DGameFramework\effect</Filter>
    </ClInclude>
    <ClInclude Include="image.h">
      <Filter>2DGameFramework\image</Filter>
    </ClInclude>
    <ClInclude Include="inGameScene.h">
      <Filter>2DGameFramework\loading</Filter>
    </ClInclude>
    <ClInclude Include="LoadingScene.h">
      <Filter>2DGameFramework\loading</Filter>
    </ClInclude>
    <ClInclude Include="timeManager.h">
      <Filter>2DGameFramework\Manager</Filter>
    </ClInclude>
    <ClInclude Include="soundManager.h">
      <Filter>2DGameFramework\Manager</Filter>
    </ClInclude>
    <ClInclude Include="sceneManager.h">
      <Filter>2DGameFramework\Manager</Filter>
    </ClInclude>
    <ClInclude Include="KeyManager.h">
      <Filter>2DGameFramework\Manager</Filter>
    </ClInclude>
    <ClInclude Include="imageManager.h">
      <Filter>2DGameFramework\Manager</Filter>
    </ClInclude>
    <ClInclude Include="effectManager.h">
      <Filter>2DGameFramework\Manager</Filter>
    </ClInclude>
    <ClInclude Include="progressBar.h">
      <Filter>2DGameFramework\progressBar</Filter>
    </ClInclude>
    <ClInclude Include="singletonBase.h">
      <Filter>2DGameFramework\singletonBase</Filter>
    </ClInclude>
    <ClInclude Include="timer.h">
      <Filter>2DGameFramework\timer</Filter>
    </ClInclude>
    <ClInclude Include="Collision.h">
      <Filter>2DGameFramework\utils</Filter>
    </ClInclude>
    <ClInclude Include="utiles.h">
      <Filter>2DGameFramework\utils</Filter>
    </ClInclude>
    <ClInclude Include="gameNode.h">
      <Filter>2DGameFramework</Filter>
    </ClInclude>
    <ClInclude Include="bullets.h">
      <Filter>mainGame\gameScene\bullets</Filter>
    </ClInclude>
    <ClInclude Include="commonMacroFunction.h">
      <Filter>헤더 파일</Filter>
    </ClInclude>
    <ClInclude Include="randomFunction.h">
      <Filter>헤더 파일</Filter>
    </ClInclude>
    <ClInclude Include="mainGame.h">
      <Filter>mainGame</Filter>
    </ClInclude>
    <ClInclude Include="startScene.h">
      <Filter>mainGame\startScene</Filter>
    </ClInclude>
    <ClInclude Include="gameScene.h">
      <Filter>mainGame\gameScene</Filter>
    </ClInclude>
    <ClInclude Include="settingManager.h">
      <Filter>mainGame\setting</Filter>
    </ClInclude>
    <ClInclude Include="character.h">
      <Filter>mainGame\gameScene\character</Filter>
    </ClInclude>
    <ClInclude Include="player.h">
      <Filter>mainGame\gameScene\player</Filter>
    </ClInclude>
    <ClInclude Include="dungeon.h">
      <Filter>mainGame\gameScene\dungeon</Filter>
    </ClInclude>
  </ItemGroup>
  <ItemGroup>
    <ClCompile Include="stdafx.cpp">
      <Filter>소스 파일</Filter>
    </ClCompile>
    <ClCompile Include="Dungreed.cpp">
      <Filter>소스 파일</Filter>
    </ClCompile>
    <ClCompile Include="action.cpp">
      <Filter>2DGameFramework\action</Filter>
    </ClCompile>
    <ClCompile Include="animation.cpp">
      <Filter>2DGameFramework\animation</Filter>
    </ClCompile>
    <ClCompile Include="backBuffer.cpp">
      <Filter>2DGameFramework\backBuffer</Filter>
    </ClCompile>
    <ClCompile Include="button.cpp">
      <Filter>2DGameFramework\button</Filter>
    </ClCompile>
    <ClCompile Include="effect.cpp">
      <Filter>2DGameFramework\effect</Filter>
    </ClCompile>
    <ClCompile Include="image.cpp">
      <Filter>2DGameFramework\image</Filter>
    </ClCompile>
    <ClCompile Include="inGameScene.cpp">
      <Filter>2DGameFramework\loading</Filter>
    </ClCompile>
    <ClCompile Include="LoadingScene.cpp">
      <Filter>2DGameFramework\loading</Filter>
    </ClCompile>
    <ClCompile Include="timeManager.cpp">
      <Filter>2DGameFramework\Manager</Filter>
    </ClCompile>
    <ClCompile Include="soundManager.cpp">
      <Filter>2DGameFramework\Manager</Filter>
    </ClCompile>
    <ClCompile Include="sceneManager.cpp">
      <Filter>2DGameFramework\Manager</Filter>
    </ClCompile>
    <ClCompile Include="KeyManager.cpp">
      <Filter>2DGameFramework\Manager</Filter>
    </ClCompile>
    <ClCompile Include="imageManager.cpp">
      <Filter>2DGameFramework\Manager</Filter>
    </ClCompile>
    <ClCompile Include="effectManager.cpp">
      <Filter>2DGameFramework\Manager</Filter>
    </ClCompile>
    <ClCompile Include="progressBar.cpp">
      <Filter>2DGameFramework\progressBar</Filter>
    </ClCompile>
    <ClCompile Include="timer.cpp">
      <Filter>2DGameFramework\timer</Filter>
    </ClCompile>
    <ClCompile Include="utiles.cpp">
      <Filter>2DGameFramework\utils</Filter>
    </ClCompile>
    <ClCompile Include="Collision.cpp">
      <Filter>2DGameFramework\utils</Filter>
    </ClCompile>
    <ClCompile Include="gameNode.cpp">
      <Filter>2DGameFramework</Filter>
    </ClCompile>
    <ClCompile Include="bullets.cpp">
      <Filter>mainGame\gameScene\bullets</Filter>
    </ClCompile>
    <ClCompile Include="mainGame.cpp">
      <Filter>mainGame</Filter>
    </ClCompile>
    <ClCompile Include="startScene.cpp">
      <Filter>mainGame\startScene</Filter>
    </ClCompile>
    <ClCompile Include="gameScene.cpp">
      <Filter>mainGame\gameScene</Filter>
    </ClCompile>
    <ClCompile Include="settingManager.cpp">
      <Filter>mainGame\setting</Filter>
    </ClCompile>
    <ClCompile Include="character.cpp">
      <Filter>mainGame\gameScene\character</Filter>
    </ClCompile>
    <ClCompile Include="player.cpp">
      <Filter>mainGame\gameScene\player</Filter>
    </ClCompile>
    <ClCompile Include="dungeon.cpp">
      <Filter>mainGame\gameScene\dungeon</Filter>
    </ClCompile>
  </ItemGroup>
  <ItemGroup>
    <ResourceCompile Include="Dungreed.rc">
      <Filter>리소스 파일</Filter>
    </ResourceCompile>
  </ItemGroup>
  <ItemGroup>
    <Image Include="small.ico">
      <Filter>리소스 파일</Filter>
    </Image>
    <Image Include="Dungreed.ico">
      <Filter>리소스 파일</Filter>
    </Image>
  </ItemGroup>
  <ItemGroup>
    <None Include="ClassDiagram.cd" />
  </ItemGroup>
</Project>